
Microsoft Visual Studio Solution File, Format Version 11.00
# Visual Studio 2010
# SharpDevelop 4.4
Project("{FD48973F-F585-4F70-812B-4D0503B36CE9}") = "prog54aDICTONARY", "prog54aDICTONARY\prog54aDICTONARY.pyproj", "{C58CD6A1-8EA0-4C51-B0AC-CC9BB3E7A89A}"
EndProject
Global
	GlobalSection(SolutionConfigurationPlatforms) = preSolution
		Debug|Any CPU = Debug|Any CPU
		Release|Any CPU = Release|Any CPU
	EndGlobalSection
	GlobalSection(ProjectConfigurationPlatforms) = postSolution
		{C58CD6A1-8EA0-4C51-B0AC-CC9BB3E7A89A}.Debug|Any CPU.Build.0 = Debug|Any CPU
		{C58CD6A1-8EA0-4C51-B0AC-CC9BB3E7A89A}.Debug|Any CPU.ActiveCfg = Debug|Any CPU
		{C58CD6A1-8EA0-4C51-B0AC-CC9BB3E7A89A}.Release|Any CPU.Build.0 = Release|Any CPU
		{C58CD6A1-8EA0-4C51-B0AC-CC9BB3E7A89A}.Release|Any CPU.ActiveCfg = Release|Any CPU
	EndGlobalSection
EndGlobal
