
Microsoft Visual Studio Solution File, Format Version 11.00
# Visual Studio 2010
# SharpDevelop 4.4
Project("{FD48973F-F585-4F70-812B-4D0503B36CE9}") = "stringstuff", "stringstuff\stringstuff.pyproj", "{6FD6080E-B6E5-4722-9EC4-95BEC92FE319}"
EndProject
Global
	GlobalSection(SolutionConfigurationPlatforms) = preSolution
		Debug|Any CPU = Debug|Any CPU
		Release|Any CPU = Release|Any CPU
	EndGlobalSection
	GlobalSection(ProjectConfigurationPlatforms) = postSolution
		{6FD6080E-B6E5-4722-9EC4-95BEC92FE319}.Debug|Any CPU.Build.0 = Debug|Any CPU
		{6FD6080E-B6E5-4722-9EC4-95BEC92FE319}.Debug|Any CPU.ActiveCfg = Debug|Any CPU
		{6FD6080E-B6E5-4722-9EC4-95BEC92FE319}.Release|Any CPU.Build.0 = Release|Any CPU
		{6FD6080E-B6E5-4722-9EC4-95BEC92FE319}.Release|Any CPU.ActiveCfg = Release|Any CPU
	EndGlobalSection
EndGlobal
