
Microsoft Visual Studio Solution File, Format Version 11.00
# Visual Studio 2010
# SharpDevelop 4.4
Project("{FD48973F-F585-4F70-812B-4D0503B36CE9}") = "fruitloops", "fruitloops\fruitloops.pyproj", "{FDFEBAE5-972F-4ECC-B038-EE414D67D93B}"
EndProject
Global
	GlobalSection(SolutionConfigurationPlatforms) = preSolution
		Debug|Any CPU = Debug|Any CPU
		Release|Any CPU = Release|Any CPU
	EndGlobalSection
	GlobalSection(ProjectConfigurationPlatforms) = postSolution
		{FDFEBAE5-972F-4ECC-B038-EE414D67D93B}.Debug|Any CPU.Build.0 = Debug|Any CPU
		{FDFEBAE5-972F-4ECC-B038-EE414D67D93B}.Debug|Any CPU.ActiveCfg = Debug|Any CPU
		{FDFEBAE5-972F-4ECC-B038-EE414D67D93B}.Release|Any CPU.Build.0 = Release|Any CPU
		{FDFEBAE5-972F-4ECC-B038-EE414D67D93B}.Release|Any CPU.ActiveCfg = Release|Any CPU
	EndGlobalSection
EndGlobal
