
Microsoft Visual Studio Solution File, Format Version 11.00
# Visual Studio 2010
# SharpDevelop 4.4
Project("{FD48973F-F585-4F70-812B-4D0503B36CE9}") = "prog122a", "prog122a\prog122a.pyproj", "{229E8D7D-F4DB-4493-BD44-B5CE3BF185E8}"
EndProject
Global
	GlobalSection(SolutionConfigurationPlatforms) = preSolution
		Debug|Any CPU = Debug|Any CPU
		Release|Any CPU = Release|Any CPU
	EndGlobalSection
	GlobalSection(ProjectConfigurationPlatforms) = postSolution
		{229E8D7D-F4DB-4493-BD44-B5CE3BF185E8}.Debug|Any CPU.Build.0 = Debug|Any CPU
		{229E8D7D-F4DB-4493-BD44-B5CE3BF185E8}.Debug|Any CPU.ActiveCfg = Debug|Any CPU
		{229E8D7D-F4DB-4493-BD44-B5CE3BF185E8}.Release|Any CPU.Build.0 = Release|Any CPU
		{229E8D7D-F4DB-4493-BD44-B5CE3BF185E8}.Release|Any CPU.ActiveCfg = Release|Any CPU
	EndGlobalSection
EndGlobal
