
Microsoft Visual Studio Solution File, Format Version 11.00
# Visual Studio 2010
# SharpDevelop 4.4
Project("{FD48973F-F585-4F70-812B-4D0503B36CE9}") = "prog54A", "prog54A\prog54A.pyproj", "{C7509AB2-1A02-4AD7-8E9A-85836A1B2E17}"
EndProject
Global
	GlobalSection(SolutionConfigurationPlatforms) = preSolution
		Debug|Any CPU = Debug|Any CPU
		Release|Any CPU = Release|Any CPU
	EndGlobalSection
	GlobalSection(ProjectConfigurationPlatforms) = postSolution
		{C7509AB2-1A02-4AD7-8E9A-85836A1B2E17}.Debug|Any CPU.Build.0 = Debug|Any CPU
		{C7509AB2-1A02-4AD7-8E9A-85836A1B2E17}.Debug|Any CPU.ActiveCfg = Debug|Any CPU
		{C7509AB2-1A02-4AD7-8E9A-85836A1B2E17}.Release|Any CPU.Build.0 = Release|Any CPU
		{C7509AB2-1A02-4AD7-8E9A-85836A1B2E17}.Release|Any CPU.ActiveCfg = Release|Any CPU
	EndGlobalSection
EndGlobal
