
Microsoft Visual Studio Solution File, Format Version 11.00
# Visual Studio 2010
# SharpDevelop 4.4
Project("{FD48973F-F585-4F70-812B-4D0503B36CE9}") = "prog122h", "prog122h\prog122h.pyproj", "{7F540F48-D6D9-436D-A96E-DEF10E1D7B29}"
EndProject
Global
	GlobalSection(SolutionConfigurationPlatforms) = preSolution
		Debug|Any CPU = Debug|Any CPU
		Release|Any CPU = Release|Any CPU
	EndGlobalSection
	GlobalSection(ProjectConfigurationPlatforms) = postSolution
		{7F540F48-D6D9-436D-A96E-DEF10E1D7B29}.Debug|Any CPU.Build.0 = Debug|Any CPU
		{7F540F48-D6D9-436D-A96E-DEF10E1D7B29}.Debug|Any CPU.ActiveCfg = Debug|Any CPU
		{7F540F48-D6D9-436D-A96E-DEF10E1D7B29}.Release|Any CPU.Build.0 = Release|Any CPU
		{7F540F48-D6D9-436D-A96E-DEF10E1D7B29}.Release|Any CPU.ActiveCfg = Release|Any CPU
	EndGlobalSection
EndGlobal
