
Microsoft Visual Studio Solution File, Format Version 11.00
# Visual Studio 2010
# SharpDevelop 4.4
Project("{FD48973F-F585-4F70-812B-4D0503B36CE9}") = "prog58b", "prog58b\prog58b.pyproj", "{81B0D010-6383-471A-A205-87B238F3D760}"
EndProject
Global
	GlobalSection(SolutionConfigurationPlatforms) = preSolution
		Debug|Any CPU = Debug|Any CPU
		Release|Any CPU = Release|Any CPU
	EndGlobalSection
	GlobalSection(ProjectConfigurationPlatforms) = postSolution
		{81B0D010-6383-471A-A205-87B238F3D760}.Debug|Any CPU.Build.0 = Debug|Any CPU
		{81B0D010-6383-471A-A205-87B238F3D760}.Debug|Any CPU.ActiveCfg = Debug|Any CPU
		{81B0D010-6383-471A-A205-87B238F3D760}.Release|Any CPU.Build.0 = Release|Any CPU
		{81B0D010-6383-471A-A205-87B238F3D760}.Release|Any CPU.ActiveCfg = Release|Any CPU
	EndGlobalSection
EndGlobal
