
Microsoft Visual Studio Solution File, Format Version 11.00
# Visual Studio 2010
# SharpDevelop 4.4
Project("{FD48973F-F585-4F70-812B-4D0503B36CE9}") = "pong3", "pong3\pong3.pyproj", "{BAF9364A-0F53-4644-B700-CE16C9842369}"
EndProject
Global
	GlobalSection(SolutionConfigurationPlatforms) = preSolution
		Debug|Any CPU = Debug|Any CPU
		Release|Any CPU = Release|Any CPU
	EndGlobalSection
	GlobalSection(ProjectConfigurationPlatforms) = postSolution
		{BAF9364A-0F53-4644-B700-CE16C9842369}.Debug|Any CPU.Build.0 = Debug|Any CPU
		{BAF9364A-0F53-4644-B700-CE16C9842369}.Debug|Any CPU.ActiveCfg = Debug|Any CPU
		{BAF9364A-0F53-4644-B700-CE16C9842369}.Release|Any CPU.Build.0 = Release|Any CPU
		{BAF9364A-0F53-4644-B700-CE16C9842369}.Release|Any CPU.ActiveCfg = Release|Any CPU
	EndGlobalSection
EndGlobal
