
Microsoft Visual Studio Solution File, Format Version 11.00
# Visual Studio 2010
# SharpDevelop 4.4
Project("{FD48973F-F585-4F70-812B-4D0503B36CE9}") = "myschedule", "myschedule\myschedule.pyproj", "{A7EC3A3D-7E54-4C9A-A53D-8BE8226A29C1}"
EndProject
Global
	GlobalSection(SolutionConfigurationPlatforms) = preSolution
		Debug|Any CPU = Debug|Any CPU
		Release|Any CPU = Release|Any CPU
	EndGlobalSection
	GlobalSection(ProjectConfigurationPlatforms) = postSolution
		{A7EC3A3D-7E54-4C9A-A53D-8BE8226A29C1}.Debug|Any CPU.Build.0 = Debug|Any CPU
		{A7EC3A3D-7E54-4C9A-A53D-8BE8226A29C1}.Debug|Any CPU.ActiveCfg = Debug|Any CPU
		{A7EC3A3D-7E54-4C9A-A53D-8BE8226A29C1}.Release|Any CPU.Build.0 = Release|Any CPU
		{A7EC3A3D-7E54-4C9A-A53D-8BE8226A29C1}.Release|Any CPU.ActiveCfg = Release|Any CPU
	EndGlobalSection
EndGlobal
