
Microsoft Visual Studio Solution File, Format Version 11.00
# Visual Studio 2010
# SharpDevelop 4.4
Project("{FD48973F-F585-4F70-812B-4D0503B36CE9}") = "prog76a", "prog76a\prog76a.pyproj", "{0C5AFB63-FF5C-4814-84B1-3EE02A74752B}"
EndProject
Global
	GlobalSection(SolutionConfigurationPlatforms) = preSolution
		Debug|Any CPU = Debug|Any CPU
		Release|Any CPU = Release|Any CPU
	EndGlobalSection
	GlobalSection(ProjectConfigurationPlatforms) = postSolution
		{0C5AFB63-FF5C-4814-84B1-3EE02A74752B}.Debug|Any CPU.Build.0 = Debug|Any CPU
		{0C5AFB63-FF5C-4814-84B1-3EE02A74752B}.Debug|Any CPU.ActiveCfg = Debug|Any CPU
		{0C5AFB63-FF5C-4814-84B1-3EE02A74752B}.Release|Any CPU.Build.0 = Release|Any CPU
		{0C5AFB63-FF5C-4814-84B1-3EE02A74752B}.Release|Any CPU.ActiveCfg = Release|Any CPU
	EndGlobalSection
EndGlobal
